// !$*UTF8*$!
{
	archiveVersion = 1;
	classes = {
	};
	objectVersion = 50;
	objects = {

/* Begin PBXBuildFile section */
		6C09126D25BC147400BB6456 /* ImageFetcherManager.swift in Sources */ = {isa = PBXBuildFile; fileRef = 6C09126C25BC147400BB6456 /* ImageFetcherManager.swift */; };
		6C09127525BC14DE00BB6456 /* ImageFetcherOperation.swift in Sources */ = {isa = PBXBuildFile; fileRef = 6C09127425BC14DE00BB6456 /* ImageFetcherOperation.swift */; };
		6C09127A25BC2A2D00BB6456 /* UIImage+extension.swift in Sources */ = {isa = PBXBuildFile; fileRef = 6C09127925BC2A2D00BB6456 /* UIImage+extension.swift */; };
		6C180028205FF46700C12653 /* PhotoPickerViewController.swift in Sources */ = {isa = PBXBuildFile; fileRef = 6C180027205FF46700C12653 /* PhotoPickerViewController.swift */; };
		6C5A43112062A98300789034 /* AssetCell.swift in Sources */ = {isa = PBXBuildFile; fileRef = 6C5A43102062A98300789034 /* AssetCell.swift */; };
		6C5A43132062ACA900789034 /* AlbumCell.swift in Sources */ = {isa = PBXBuildFile; fileRef = 6C5A43122062ACA900789034 /* AlbumCell.swift */; };
		6C5D5C6224A755AF00AEE338 /* UIDevice+extension.swift in Sources */ = {isa = PBXBuildFile; fileRef = 6C5D5C6124A755AF00AEE338 /* UIDevice+extension.swift */; };
		6C5D5C6424A9852F00AEE338 /* PhotoPickerBaseViewController.swift in Sources */ = {isa = PBXBuildFile; fileRef = 6C5D5C6324A9852F00AEE338 /* PhotoPickerBaseViewController.swift */; };
		6C5D5C7024A98B7E00AEE338 /* PhotoBrowserTransitionAnimator.swift in Sources */ = {isa = PBXBuildFile; fileRef = 6C5D5C6A24A98B7D00AEE338 /* PhotoBrowserTransitionAnimator.swift */; };
		6C66FB282070922F0077656B /* PhotoPreviewViewController.swift in Sources */ = {isa = PBXBuildFile; fileRef = 6C66FB272070922F0077656B /* PhotoPreviewViewController.swift */; };
		6C66FB2A207092620077656B /* PhotoPreviewCell.swift in Sources */ = {isa = PBXBuildFile; fileRef = 6C66FB29207092620077656B /* PhotoPreviewCell.swift */; };
		6C79E57F24A1B4B000F505CC /* PoMemoryCache.swift in Sources */ = {isa = PBXBuildFile; fileRef = 6C79E57B24A1B4B000F505CC /* PoMemoryCache.swift */; };
		6C79E58624A2F95B00F505CC /* CropViewController.swift in Sources */ = {isa = PBXBuildFile; fileRef = 6C79E58524A2F95B00F505CC /* CropViewController.swift */; };
		6C79E58824A2F96C00F505CC /* CropView.swift in Sources */ = {isa = PBXBuildFile; fileRef = 6C79E58724A2F96C00F505CC /* CropView.swift */; };
		6C79E58A24A3271B00F505CC /* CropOverlayView.swift in Sources */ = {isa = PBXBuildFile; fileRef = 6C79E58924A3271B00F505CC /* CropOverlayView.swift */; };
		6C9F45242054B7D500A194BE /* AppDelegate.swift in Sources */ = {isa = PBXBuildFile; fileRef = 6C9F45232054B7D500A194BE /* AppDelegate.swift */; };
		6C9F45262054B7D500A194BE /* ViewController.swift in Sources */ = {isa = PBXBuildFile; fileRef = 6C9F45252054B7D500A194BE /* ViewController.swift */; };
		6C9F45292054B7D500A194BE /* Main.storyboard in Resources */ = {isa = PBXBuildFile; fileRef = 6C9F45272054B7D500A194BE /* Main.storyboard */; };
		6C9F452B2054B7D700A194BE /* Assets.xcassets in Resources */ = {isa = PBXBuildFile; fileRef = 6C9F452A2054B7D700A194BE /* Assets.xcassets */; };
		6C9F452E2054B7D700A194BE /* LaunchScreen.storyboard in Resources */ = {isa = PBXBuildFile; fileRef = 6C9F452C2054B7D700A194BE /* LaunchScreen.storyboard */; };
		6C9F45392054B7D700A194BE /* HZSPhotoPickerTests.swift in Sources */ = {isa = PBXBuildFile; fileRef = 6C9F45382054B7D700A194BE /* HZSPhotoPickerTests.swift */; };
		6C9F45442054B7D700A194BE /* HZSPhotoPickerUITests.swift in Sources */ = {isa = PBXBuildFile; fileRef = 6C9F45432054B7D700A194BE /* HZSPhotoPickerUITests.swift */; };
		6C9F45552054B94400A194BE /* ImagePickerController.swift in Sources */ = {isa = PBXBuildFile; fileRef = 6C9F45542054B94400A194BE /* ImagePickerController.swift */; };
		6C9F45592054E09300A194BE /* AssetModel.swift in Sources */ = {isa = PBXBuildFile; fileRef = 6C9F45582054E09300A194BE /* AssetModel.swift */; };
		6C9F455B2054E26300A194BE /* AlbumModel.swift in Sources */ = {isa = PBXBuildFile; fileRef = 6C9F455A2054E26300A194BE /* AlbumModel.swift */; };
		6C9F455D2055190F00A194BE /* AlbumPickerViewController.swift in Sources */ = {isa = PBXBuildFile; fileRef = 6C9F455C2055190F00A194BE /* AlbumPickerViewController.swift */; };
		6C9F455F2055362800A194BE /* ImagePickerManager.swift in Sources */ = {isa = PBXBuildFile; fileRef = 6C9F455E2055362800A194BE /* ImagePickerManager.swift */; };
		6CDDB97724AF86CB00671B86 /* PoAnimatedImageView.swift in Sources */ = {isa = PBXBuildFile; fileRef = 6CDDB96C24AF86CB00671B86 /* PoAnimatedImageView.swift */; };
		6CDDB97824AF86CB00671B86 /* PoImage.swift in Sources */ = {isa = PBXBuildFile; fileRef = 6CDDB96D24AF86CB00671B86 /* PoImage.swift */; };
		6CDDB97924AF86CB00671B86 /* PoFrameImage.swift in Sources */ = {isa = PBXBuildFile; fileRef = 6CDDB96E24AF86CB00671B86 /* PoFrameImage.swift */; };
		6CDDB97A24AF86CB00671B86 /* PoImageAPNGDecoder.swift in Sources */ = {isa = PBXBuildFile; fileRef = 6CDDB97024AF86CB00671B86 /* PoImageAPNGDecoder.swift */; };
		6CDDB97B24AF86CB00671B86 /* UIImage+PoImageCoder.swift in Sources */ = {isa = PBXBuildFile; fileRef = 6CDDB97124AF86CB00671B86 /* UIImage+PoImageCoder.swift */; };
		6CDDB97C24AF86CB00671B86 /* CGBitmapInfo+PoImageCoder.swift in Sources */ = {isa = PBXBuildFile; fileRef = 6CDDB97224AF86CB00671B86 /* CGBitmapInfo+PoImageCoder.swift */; };
		6CDDB97D24AF86CB00671B86 /* PoImageEncoder.swift in Sources */ = {isa = PBXBuildFile; fileRef = 6CDDB97324AF86CB00671B86 /* PoImageEncoder.swift */; };
		6CDDB97E24AF86CB00671B86 /* CGImage+PoImageCoder.swift in Sources */ = {isa = PBXBuildFile; fileRef = 6CDDB97424AF86CB00671B86 /* CGImage+PoImageCoder.swift */; };
		6CDDB97F24AF86CB00671B86 /* PoImageUtilities.swift in Sources */ = {isa = PBXBuildFile; fileRef = 6CDDB97524AF86CB00671B86 /* PoImageUtilities.swift */; };
		6CDDB98024AF86CB00671B86 /* PoImageDecoder.swift in Sources */ = {isa = PBXBuildFile; fileRef = 6CDDB97624AF86CB00671B86 /* PoImageDecoder.swift */; };
		6CDDB98424AF872900671B86 /* String+extension.swift in Sources */ = {isa = PBXBuildFile; fileRef = 6CDDB98124AF872900671B86 /* String+extension.swift */; };
		6CDDB98524AF872900671B86 /* Bundle+extension.swift in Sources */ = {isa = PBXBuildFile; fileRef = 6CDDB98224AF872900671B86 /* Bundle+extension.swift */; };
		6CDDB98624AF872900671B86 /* Data+extension.swift in Sources */ = {isa = PBXBuildFile; fileRef = 6CDDB98324AF872900671B86 /* Data+extension.swift */; };
		6CDDB98924AF87D600671B86 /* PoWeakProxy.swift in Sources */ = {isa = PBXBuildFile; fileRef = 6CDDB98824AF87D600671B86 /* PoWeakProxy.swift */; };
		6CDDB98B24AF87DE00671B86 /* PoHelper.swift in Sources */ = {isa = PBXBuildFile; fileRef = 6CDDB98A24AF87DE00671B86 /* PoHelper.swift */; };
		6CDDB98D24AF88B300671B86 /* ImageDownsample.swift in Sources */ = {isa = PBXBuildFile; fileRef = 6CDDB98C24AF88B300671B86 /* ImageDownsample.swift */; };
		6CDDB99124B1D7C300671B86 /* UIImageView+extension.swift in Sources */ = {isa = PBXBuildFile; fileRef = 6CDDB99024B1D7C300671B86 /* UIImageView+extension.swift */; };
		6CDDB99324B20E4900671B86 /* PoSentinel.swift in Sources */ = {isa = PBXBuildFile; fileRef = 6CDDB99224B20E4900671B86 /* PoSentinel.swift */; };
/* End PBXBuildFile section */

/* Begin PBXContainerItemProxy section */
		6C9F45352054B7D700A194BE /* PBXContainerItemProxy */ = {
			isa = PBXContainerItemProxy;
			containerPortal = 6C9F45182054B7D500A194BE /* Project object */;
			proxyType = 1;
			remoteGlobalIDString = 6C9F451F2054B7D500A194BE;
			remoteInfo = HZSPhotoPicker;
		};
		6C9F45402054B7D700A194BE /* PBXContainerItemProxy */ = {
			isa = PBXContainerItemProxy;
			containerPortal = 6C9F45182054B7D500A194BE /* Project object */;
			proxyType = 1;
			remoteGlobalIDString = 6C9F451F2054B7D500A194BE;
			remoteInfo = HZSPhotoPicker;
		};
/* End PBXContainerItemProxy section */

/* Begin PBXFileReference section */
		6C09126C25BC147400BB6456 /* ImageFetcherManager.swift */ = {isa = PBXFileReference; lastKnownFileType = sourcecode.swift; path = ImageFetcherManager.swift; sourceTree = "<group>"; };
		6C09127425BC14DE00BB6456 /* ImageFetcherOperation.swift */ = {isa = PBXFileReference; lastKnownFileType = sourcecode.swift; path = ImageFetcherOperation.swift; sourceTree = "<group>"; };
		6C09127925BC2A2D00BB6456 /* UIImage+extension.swift */ = {isa = PBXFileReference; lastKnownFileType = sourcecode.swift; path = "UIImage+extension.swift"; sourceTree = "<group>"; };
		6C180027205FF46700C12653 /* PhotoPickerViewController.swift */ = {isa = PBXFileReference; lastKnownFileType = sourcecode.swift; path = PhotoPickerViewController.swift; sourceTree = "<group>"; };
		6C5A43102062A98300789034 /* AssetCell.swift */ = {isa = PBXFileReference; lastKnownFileType = sourcecode.swift; path = AssetCell.swift; sourceTree = "<group>"; };
		6C5A43122062ACA900789034 /* AlbumCell.swift */ = {isa = PBXFileReference; lastKnownFileType = sourcecode.swift; path = AlbumCell.swift; sourceTree = "<group>"; };
		6C5D5C6124A755AF00AEE338 /* UIDevice+extension.swift */ = {isa = PBXFileReference; lastKnownFileType = sourcecode.swift; path = "UIDevice+extension.swift"; sourceTree = "<group>"; };
		6C5D5C6324A9852F00AEE338 /* PhotoPickerBaseViewController.swift */ = {isa = PBXFileReference; lastKnownFileType = sourcecode.swift; path = PhotoPickerBaseViewController.swift; sourceTree = "<group>"; };
		6C5D5C6A24A98B7D00AEE338 /* PhotoBrowserTransitionAnimator.swift */ = {isa = PBXFileReference; fileEncoding = 4; lastKnownFileType = sourcecode.swift; path = PhotoBrowserTransitionAnimator.swift; sourceTree = "<group>"; };
		6C66FB272070922F0077656B /* PhotoPreviewViewController.swift */ = {isa = PBXFileReference; lastKnownFileType = sourcecode.swift; path = PhotoPreviewViewController.swift; sourceTree = "<group>"; };
		6C66FB29207092620077656B /* PhotoPreviewCell.swift */ = {isa = PBXFileReference; lastKnownFileType = sourcecode.swift; path = PhotoPreviewCell.swift; sourceTree = "<group>"; };
		6C79E57B24A1B4B000F505CC /* PoMemoryCache.swift */ = {isa = PBXFileReference; fileEncoding = 4; lastKnownFileType = sourcecode.swift; path = PoMemoryCache.swift; sourceTree = "<group>"; };
		6C79E58524A2F95B00F505CC /* CropViewController.swift */ = {isa = PBXFileReference; lastKnownFileType = sourcecode.swift; path = CropViewController.swift; sourceTree = "<group>"; };
		6C79E58724A2F96C00F505CC /* CropView.swift */ = {isa = PBXFileReference; lastKnownFileType = sourcecode.swift; path = CropView.swift; sourceTree = "<group>"; };
		6C79E58924A3271B00F505CC /* CropOverlayView.swift */ = {isa = PBXFileReference; lastKnownFileType = sourcecode.swift; path = CropOverlayView.swift; sourceTree = "<group>"; };
		6C9F45202054B7D500A194BE /* HZSPhotoPicker.app */ = {isa = PBXFileReference; explicitFileType = wrapper.application; includeInIndex = 0; path = HZSPhotoPicker.app; sourceTree = BUILT_PRODUCTS_DIR; };
		6C9F45232054B7D500A194BE /* AppDelegate.swift */ = {isa = PBXFileReference; lastKnownFileType = sourcecode.swift; path = AppDelegate.swift; sourceTree = "<group>"; };
		6C9F45252054B7D500A194BE /* ViewController.swift */ = {isa = PBXFileReference; lastKnownFileType = sourcecode.swift; path = ViewController.swift; sourceTree = "<group>"; };
		6C9F45282054B7D500A194BE /* Base */ = {isa = PBXFileReference; lastKnownFileType = file.storyboard; name = Base; path = Base.lproj/Main.storyboard; sourceTree = "<group>"; };
		6C9F452A2054B7D700A194BE /* Assets.xcassets */ = {isa = PBXFileReference; lastKnownFileType = folder.assetcatalog; path = Assets.xcassets; sourceTree = "<group>"; };
		6C9F452D2054B7D700A194BE /* Base */ = {isa = PBXFileReference; lastKnownFileType = file.storyboard; name = Base; path = Base.lproj/LaunchScreen.storyboard; sourceTree = "<group>"; };
		6C9F452F2054B7D700A194BE /* Info.plist */ = {isa = PBXFileReference; lastKnownFileType = text.plist.xml; path = Info.plist; sourceTree = "<group>"; };
		6C9F45342054B7D700A194BE /* HZSPhotoPickerTests.xctest */ = {isa = PBXFileReference; explicitFileType = wrapper.cfbundle; includeInIndex = 0; path = HZSPhotoPickerTests.xctest; sourceTree = BUILT_PRODUCTS_DIR; };
		6C9F45382054B7D700A194BE /* HZSPhotoPickerTests.swift */ = {isa = PBXFileReference; lastKnownFileType = sourcecode.swift; path = HZSPhotoPickerTests.swift; sourceTree = "<group>"; };
		6C9F453A2054B7D700A194BE /* Info.plist */ = {isa = PBXFileReference; lastKnownFileType = text.plist.xml; path = Info.plist; sourceTree = "<group>"; };
		6C9F453F2054B7D700A194BE /* HZSPhotoPickerUITests.xctest */ = {isa = PBXFileReference; explicitFileType = wrapper.cfbundle; includeInIndex = 0; path = HZSPhotoPickerUITests.xctest; sourceTree = BUILT_PRODUCTS_DIR; };
		6C9F45432054B7D700A194BE /* HZSPhotoPickerUITests.swift */ = {isa = PBXFileReference; lastKnownFileType = sourcecode.swift; path = HZSPhotoPickerUITests.swift; sourceTree = "<group>"; };
		6C9F45452054B7D700A194BE /* Info.plist */ = {isa = PBXFileReference; lastKnownFileType = text.plist.xml; path = Info.plist; sourceTree = "<group>"; };
		6C9F45542054B94400A194BE /* ImagePickerController.swift */ = {isa = PBXFileReference; lastKnownFileType = sourcecode.swift; path = ImagePickerController.swift; sourceTree = "<group>"; };
		6C9F45582054E09300A194BE /* AssetModel.swift */ = {isa = PBXFileReference; lastKnownFileType = sourcecode.swift; path = AssetModel.swift; sourceTree = "<group>"; };
		6C9F455A2054E26300A194BE /* AlbumModel.swift */ = {isa = PBXFileReference; lastKnownFileType = sourcecode.swift; path = AlbumModel.swift; sourceTree = "<group>"; };
		6C9F455C2055190F00A194BE /* AlbumPickerViewController.swift */ = {isa = PBXFileReference; lastKnownFileType = sourcecode.swift; path = AlbumPickerViewController.swift; sourceTree = "<group>"; };
		6C9F455E2055362800A194BE /* ImagePickerManager.swift */ = {isa = PBXFileReference; lastKnownFileType = sourcecode.swift; path = ImagePickerManager.swift; sourceTree = "<group>"; };
		6CDDB96C24AF86CB00671B86 /* PoAnimatedImageView.swift */ = {isa = PBXFileReference; fileEncoding = 4; lastKnownFileType = sourcecode.swift; path = PoAnimatedImageView.swift; sourceTree = "<group>"; };
		6CDDB96D24AF86CB00671B86 /* PoImage.swift */ = {isa = PBXFileReference; fileEncoding = 4; lastKnownFileType = sourcecode.swift; path = PoImage.swift; sourceTree = "<group>"; };
		6CDDB96E24AF86CB00671B86 /* PoFrameImage.swift */ = {isa = PBXFileReference; fileEncoding = 4; lastKnownFileType = sourcecode.swift; path = PoFrameImage.swift; sourceTree = "<group>"; };
		6CDDB97024AF86CB00671B86 /* PoImageAPNGDecoder.swift */ = {isa = PBXFileReference; fileEncoding = 4; lastKnownFileType = sourcecode.swift; path = PoImageAPNGDecoder.swift; sourceTree = "<group>"; };
		6CDDB97124AF86CB00671B86 /* UIImage+PoImageCoder.swift */ = {isa = PBXFileReference; fileEncoding = 4; lastKnownFileType = sourcecode.swift; path = "UIImage+PoImageCoder.swift"; sourceTree = "<group>"; };
		6CDDB97224AF86CB00671B86 /* CGBitmapInfo+PoImageCoder.swift */ = {isa = PBXFileReference; fileEncoding = 4; lastKnownFileType = sourcecode.swift; path = "CGBitmapInfo+PoImageCoder.swift"; sourceTree = "<group>"; };
		6CDDB97324AF86CB00671B86 /* PoImageEncoder.swift */ = {isa = PBXFileReference; fileEncoding = 4; lastKnownFileType = sourcecode.swift; path = PoImageEncoder.swift; sourceTree = "<group>"; };
		6CDDB97424AF86CB00671B86 /* CGImage+PoImageCoder.swift */ = {isa = PBXFileReference; fileEncoding = 4; lastKnownFileType = sourcecode.swift; path = "CGImage+PoImageCoder.swift"; sourceTree = "<group>"; };
		6CDDB97524AF86CB00671B86 /* PoImageUtilities.swift */ = {isa = PBXFileReference; fileEncoding = 4; lastKnownFileType = sourcecode.swift; path = PoImageUtilities.swift; sourceTree = "<group>"; };
		6CDDB97624AF86CB00671B86 /* PoImageDecoder.swift */ = {isa = PBXFileReference; fileEncoding = 4; lastKnownFileType = sourcecode.swift; path = PoImageDecoder.swift; sourceTree = "<group>"; };
		6CDDB98124AF872900671B86 /* String+extension.swift */ = {isa = PBXFileReference; fileEncoding = 4; lastKnownFileType = sourcecode.swift; path = "String+extension.swift"; sourceTree = "<group>"; };
		6CDDB98224AF872900671B86 /* Bundle+extension.swift */ = {isa = PBXFileReference; fileEncoding = 4; lastKnownFileType = sourcecode.swift; path = "Bundle+extension.swift"; sourceTree = "<group>"; };
		6CDDB98324AF872900671B86 /* Data+extension.swift */ = {isa = PBXFileReference; fileEncoding = 4; lastKnownFileType = sourcecode.swift; path = "Data+extension.swift"; sourceTree = "<group>"; };
		6CDDB98824AF87D600671B86 /* PoWeakProxy.swift */ = {isa = PBXFileReference; fileEncoding = 4; lastKnownFileType = sourcecode.swift; path = PoWeakProxy.swift; sourceTree = "<group>"; };
		6CDDB98A24AF87DE00671B86 /* PoHelper.swift */ = {isa = PBXFileReference; fileEncoding = 4; lastKnownFileType = sourcecode.swift; path = PoHelper.swift; sourceTree = "<group>"; };
		6CDDB98C24AF88B300671B86 /* ImageDownsample.swift */ = {isa = PBXFileReference; fileEncoding = 4; lastKnownFileType = sourcecode.swift; path = ImageDownsample.swift; sourceTree = "<group>"; };
		6CDDB99024B1D7C300671B86 /* UIImageView+extension.swift */ = {isa = PBXFileReference; lastKnownFileType = sourcecode.swift; path = "UIImageView+extension.swift"; sourceTree = "<group>"; };
		6CDDB99224B20E4900671B86 /* PoSentinel.swift */ = {isa = PBXFileReference; lastKnownFileType = sourcecode.swift; path = PoSentinel.swift; sourceTree = "<group>"; };
/* End PBXFileReference section */

/* Begin PBXFrameworksBuildPhase section */
		6C9F451D2054B7D500A194BE /* Frameworks */ = {
			isa = PBXFrameworksBuildPhase;
			buildActionMask = 2147483647;
			files = (
			);
			runOnlyForDeploymentPostprocessing = 0;
		};
		6C9F45312054B7D700A194BE /* Frameworks */ = {
			isa = PBXFrameworksBuildPhase;
			buildActionMask = 2147483647;
			files = (
			);
			runOnlyForDeploymentPostprocessing = 0;
		};
		6C9F453C2054B7D700A194BE /* Frameworks */ = {
			isa = PBXFrameworksBuildPhase;
			buildActionMask = 2147483647;
			files = (
			);
			runOnlyForDeploymentPostprocessing = 0;
		};
/* End PBXFrameworksBuildPhase section */

/* Begin PBXGroup section */
		6C09126B25BC144E00BB6456 /* ImageFetcherManager */ = {
			isa = PBXGroup;
			children = (
				6C09126C25BC147400BB6456 /* ImageFetcherManager.swift */,
				6C09127425BC14DE00BB6456 /* ImageFetcherOperation.swift */,
			);
			path = ImageFetcherManager;
			sourceTree = "<group>";
		};
		6C5D5C6024A7559400AEE338 /* Extension */ = {
			isa = PBXGroup;
			children = (
				6CDDB98224AF872900671B86 /* Bundle+extension.swift */,
				6CDDB98324AF872900671B86 /* Data+extension.swift */,
				6CDDB98124AF872900671B86 /* String+extension.swift */,
				6C5D5C6124A755AF00AEE338 /* UIDevice+extension.swift */,
				6CDDB99024B1D7C300671B86 /* UIImageView+extension.swift */,
				6C09127925BC2A2D00BB6456 /* UIImage+extension.swift */,
			);
			path = Extension;
			sourceTree = "<group>";
		};
		6C5D5C6524A98B7D00AEE338 /* TransitionAnimator */ = {
			isa = PBXGroup;
			children = (
				6C5D5C6A24A98B7D00AEE338 /* PhotoBrowserTransitionAnimator.swift */,
			);
			path = TransitionAnimator;
			sourceTree = "<group>";
		};
		6C79E57724A1B4B000F505CC /* Cache */ = {
			isa = PBXGroup;
			children = (
				6C79E57B24A1B4B000F505CC /* PoMemoryCache.swift */,
			);
			path = Cache;
			sourceTree = "<group>";
		};
		6C79E58224A1B5B800F505CC /* Model */ = {
			isa = PBXGroup;
			children = (
				6C9F45582054E09300A194BE /* AssetModel.swift */,
				6C9F455A2054E26300A194BE /* AlbumModel.swift */,
			);
			path = Model;
			sourceTree = "<group>";
		};
		6C79E58324A1B5B800F505CC /* Cell */ = {
			isa = PBXGroup;
			children = (
				6C66FB29207092620077656B /* PhotoPreviewCell.swift */,
				6C5A43122062ACA900789034 /* AlbumCell.swift */,
				6C5A43102062A98300789034 /* AssetCell.swift */,
			);
			path = Cell;
			sourceTree = "<group>";
		};
		6C79E58424A2F94400F505CC /* Crop */ = {
			isa = PBXGroup;
			children = (
				6C79E58524A2F95B00F505CC /* CropViewController.swift */,
				6C79E58724A2F96C00F505CC /* CropView.swift */,
				6C79E58924A3271B00F505CC /* CropOverlayView.swift */,
			);
			path = Crop;
			sourceTree = "<group>";
		};
		6C9F45172054B7D500A194BE = {
			isa = PBXGroup;
			children = (
				6C9F45222054B7D500A194BE /* HZSPhotoPicker */,
				6C9F45372054B7D700A194BE /* HZSPhotoPickerTests */,
				6C9F45422054B7D700A194BE /* HZSPhotoPickerUITests */,
				6C9F45212054B7D500A194BE /* Products */,
			);
			sourceTree = "<group>";
		};
		6C9F45212054B7D500A194BE /* Products */ = {
			isa = PBXGroup;
			children = (
				6C9F45202054B7D500A194BE /* HZSPhotoPicker.app */,
				6C9F45342054B7D700A194BE /* HZSPhotoPickerTests.xctest */,
				6C9F453F2054B7D700A194BE /* HZSPhotoPickerUITests.xctest */,
			);
			name = Products;
			sourceTree = "<group>";
		};
		6C9F45222054B7D500A194BE /* HZSPhotoPicker */ = {
			isa = PBXGroup;
			children = (
				6C9F45532054B85800A194BE /* PhotoPicker */,
				6C9F45232054B7D500A194BE /* AppDelegate.swift */,
				6C9F45252054B7D500A194BE /* ViewController.swift */,
				6C9F45272054B7D500A194BE /* Main.storyboard */,
				6C9F452A2054B7D700A194BE /* Assets.xcassets */,
				6C9F452C2054B7D700A194BE /* LaunchScreen.storyboard */,
				6C9F452F2054B7D700A194BE /* Info.plist */,
			);
			path = HZSPhotoPicker;
			sourceTree = "<group>";
		};
		6C9F45372054B7D700A194BE /* HZSPhotoPickerTests */ = {
			isa = PBXGroup;
			children = (
				6C9F45382054B7D700A194BE /* HZSPhotoPickerTests.swift */,
				6C9F453A2054B7D700A194BE /* Info.plist */,
			);
			path = HZSPhotoPickerTests;
			sourceTree = "<group>";
		};
		6C9F45422054B7D700A194BE /* HZSPhotoPickerUITests */ = {
			isa = PBXGroup;
			children = (
				6C9F45432054B7D700A194BE /* HZSPhotoPickerUITests.swift */,
				6C9F45452054B7D700A194BE /* Info.plist */,
			);
			path = HZSPhotoPickerUITests;
			sourceTree = "<group>";
		};
		6C9F45532054B85800A194BE /* PhotoPicker */ = {
			isa = PBXGroup;
			children = (
				6C09126B25BC144E00BB6456 /* ImageFetcherManager */,
				6CDDB98724AF876F00671B86 /* Utilities */,
				6CDDB96B24AF86CB00671B86 /* Image */,
				6C5D5C6524A98B7D00AEE338 /* TransitionAnimator */,
				6C5D5C6024A7559400AEE338 /* Extension */,
				6C79E58424A2F94400F505CC /* Crop */,
				6C79E58324A1B5B800F505CC /* Cell */,
				6C79E58224A1B5B800F505CC /* Model */,
				6C79E57724A1B4B000F505CC /* Cache */,
				6C9F45542054B94400A194BE /* ImagePickerController.swift */,
				6C9F455C2055190F00A194BE /* AlbumPickerViewController.swift */,
				6C180027205FF46700C12653 /* PhotoPickerViewController.swift */,
				6C66FB272070922F0077656B /* PhotoPreviewViewController.swift */,
				6C9F455E2055362800A194BE /* ImagePickerManager.swift */,
				6C5D5C6324A9852F00AEE338 /* PhotoPickerBaseViewController.swift */,
			);
			path = PhotoPicker;
			sourceTree = "<group>";
		};
		6CDDB96B24AF86CB00671B86 /* Image */ = {
			isa = PBXGroup;
			children = (
				6CDDB96C24AF86CB00671B86 /* PoAnimatedImageView.swift */,
				6CDDB96D24AF86CB00671B86 /* PoImage.swift */,
				6CDDB96E24AF86CB00671B86 /* PoFrameImage.swift */,
				6CDDB96F24AF86CB00671B86 /* Coder */,
			);
			path = Image;
			sourceTree = "<group>";
		};
		6CDDB96F24AF86CB00671B86 /* Coder */ = {
			isa = PBXGroup;
			children = (
				6CDDB97024AF86CB00671B86 /* PoImageAPNGDecoder.swift */,
				6CDDB97124AF86CB00671B86 /* UIImage+PoImageCoder.swift */,
				6CDDB97224AF86CB00671B86 /* CGBitmapInfo+PoImageCoder.swift */,
				6CDDB97324AF86CB00671B86 /* PoImageEncoder.swift */,
				6CDDB97424AF86CB00671B86 /* CGImage+PoImageCoder.swift */,
				6CDDB97524AF86CB00671B86 /* PoImageUtilities.swift */,
				6CDDB97624AF86CB00671B86 /* PoImageDecoder.swift */,
			);
			path = Coder;
			sourceTree = "<group>";
		};
		6CDDB98724AF876F00671B86 /* Utilities */ = {
			isa = PBXGroup;
			children = (
				6CDDB98C24AF88B300671B86 /* ImageDownsample.swift */,
				6CDDB98A24AF87DE00671B86 /* PoHelper.swift */,
				6CDDB98824AF87D600671B86 /* PoWeakProxy.swift */,
				6CDDB99224B20E4900671B86 /* PoSentinel.swift */,
			);
			path = Utilities;
			sourceTree = "<group>";
		};
/* End PBXGroup section */

/* Begin PBXNativeTarget section */
		6C9F451F2054B7D500A194BE /* HZSPhotoPicker */ = {
			isa = PBXNativeTarget;
			buildConfigurationList = 6C9F45482054B7D700A194BE /* Build configuration list for PBXNativeTarget "HZSPhotoPicker" */;
			buildPhases = (
				6C9F451C2054B7D500A194BE /* Sources */,
				6C9F451D2054B7D500A194BE /* Frameworks */,
				6C9F451E2054B7D500A194BE /* Resources */,
			);
			buildRules = (
			);
			dependencies = (
			);
			name = HZSPhotoPicker;
			productName = HZSPhotoPicker;
			productReference = 6C9F45202054B7D500A194BE /* HZSPhotoPicker.app */;
			productType = "com.apple.product-type.application";
		};
		6C9F45332054B7D700A194BE /* HZSPhotoPickerTests */ = {
			isa = PBXNativeTarget;
			buildConfigurationList = 6C9F454B2054B7D700A194BE /* Build configuration list for PBXNativeTarget "HZSPhotoPickerTests" */;
			buildPhases = (
				6C9F45302054B7D700A194BE /* Sources */,
				6C9F45312054B7D700A194BE /* Frameworks */,
				6C9F45322054B7D700A194BE /* Resources */,
			);
			buildRules = (
			);
			dependencies = (
				6C9F45362054B7D700A194BE /* PBXTargetDependency */,
			);
			name = HZSPhotoPickerTests;
			productName = HZSPhotoPickerTests;
			productReference = 6C9F45342054B7D700A194BE /* HZSPhotoPickerTests.xctest */;
			productType = "com.apple.product-type.bundle.unit-test";
		};
		6C9F453E2054B7D700A194BE /* HZSPhotoPickerUITests */ = {
			isa = PBXNativeTarget;
			buildConfigurationList = 6C9F454E2054B7D700A194BE /* Build configuration list for PBXNativeTarget "HZSPhotoPickerUITests" */;
			buildPhases = (
				6C9F453B2054B7D700A194BE /* Sources */,
				6C9F453C2054B7D700A194BE /* Frameworks */,
				6C9F453D2054B7D700A194BE /* Resources */,
			);
			buildRules = (
			);
			dependencies = (
				6C9F45412054B7D700A194BE /* PBXTargetDependency */,
			);
			name = HZSPhotoPickerUITests;
			productName = HZSPhotoPickerUITests;
			productReference = 6C9F453F2054B7D700A194BE /* HZSPhotoPickerUITests.xctest */;
			productType = "com.apple.product-type.bundle.ui-testing";
		};
/* End PBXNativeTarget section */

/* Begin PBXProject section */
		6C9F45182054B7D500A194BE /* Project object */ = {
			isa = PBXProject;
			attributes = {
				LastSwiftUpdateCheck = 0930;
				LastUpgradeCheck = 1200;
				ORGANIZATIONNAME = "黄中山";
				TargetAttributes = {
					6C9F451F2054B7D500A194BE = {
						CreatedOnToolsVersion = 9.3;
						LastSwiftMigration = 1020;
					};
					6C9F45332054B7D700A194BE = {
						CreatedOnToolsVersion = 9.3;
						LastSwiftMigration = 1020;
						TestTargetID = 6C9F451F2054B7D500A194BE;
					};
					6C9F453E2054B7D700A194BE = {
						CreatedOnToolsVersion = 9.3;
						LastSwiftMigration = 1020;
						TestTargetID = 6C9F451F2054B7D500A194BE;
					};
				};
			};
			buildConfigurationList = 6C9F451B2054B7D500A194BE /* Build configuration list for PBXProject "HZSPhotoPicker" */;
			compatibilityVersion = "Xcode 9.3";
			developmentRegion = en;
			hasScannedForEncodings = 0;
			knownRegions = (
				en,
				Base,
			);
			mainGroup = 6C9F45172054B7D500A194BE;
			productRefGroup = 6C9F45212054B7D500A194BE /* Products */;
			projectDirPath = "";
			projectRoot = "";
			targets = (
				6C9F451F2054B7D500A194BE /* HZSPhotoPicker */,
				6C9F45332054B7D700A194BE /* HZSPhotoPickerTests */,
				6C9F453E2054B7D700A194BE /* HZSPhotoPickerUITests */,
			);
		};
/* End PBXProject section */

/* Begin PBXResourcesBuildPhase section */
		6C9F451E2054B7D500A194BE /* Resources */ = {
			isa = PBXResourcesBuildPhase;
			buildActionMask = 2147483647;
			files = (
				6C9F452E2054B7D700A194BE /* LaunchScreen.storyboard in Resources */,
				6C9F452B2054B7D700A194BE /* Assets.xcassets in Resources */,
				6C9F45292054B7D500A194BE /* Main.storyboard in Resources */,
			);
			runOnlyForDeploymentPostprocessing = 0;
		};
		6C9F45322054B7D700A194BE /* Resources */ = {
			isa = PBXResourcesBuildPhase;
			buildActionMask = 2147483647;
			files = (
			);
			runOnlyForDeploymentPostprocessing = 0;
		};
		6C9F453D2054B7D700A194BE /* Resources */ = {
			isa = PBXResourcesBuildPhase;
			buildActionMask = 2147483647;
			files = (
			);
			runOnlyForDeploymentPostprocessing = 0;
		};
/* End PBXResourcesBuildPhase section */

/* Begin PBXSourcesBuildPhase section */
		6C9F451C2054B7D500A194BE /* Sources */ = {
			isa = PBXSourcesBuildPhase;
			buildActionMask = 2147483647;
			files = (
				6CDDB97B24AF86CB00671B86 /* UIImage+PoImageCoder.swift in Sources */,
				6CDDB99324B20E4900671B86 /* PoSentinel.swift in Sources */,
				6CDDB97724AF86CB00671B86 /* PoAnimatedImageView.swift in Sources */,
				6C9F45262054B7D500A194BE /* ViewController.swift in Sources */,
				6C09127525BC14DE00BB6456 /* ImageFetcherOperation.swift in Sources */,
				6CDDB97D24AF86CB00671B86 /* PoImageEncoder.swift in Sources */,
				6C79E58A24A3271B00F505CC /* CropOverlayView.swift in Sources */,
				6C9F455D2055190F00A194BE /* AlbumPickerViewController.swift in Sources */,
				6CDDB98524AF872900671B86 /* Bundle+extension.swift in Sources */,
				6C9F455B2054E26300A194BE /* AlbumModel.swift in Sources */,
				6C5D5C6224A755AF00AEE338 /* UIDevice+extension.swift in Sources */,
				6C9F45552054B94400A194BE /* ImagePickerController.swift in Sources */,
				6CDDB99124B1D7C300671B86 /* UIImageView+extension.swift in Sources */,
				6C79E58624A2F95B00F505CC /* CropViewController.swift in Sources */,
				6C66FB2A207092620077656B /* PhotoPreviewCell.swift in Sources */,
				6C5D5C6424A9852F00AEE338 /* PhotoPickerBaseViewController.swift in Sources */,
				6C5A43112062A98300789034 /* AssetCell.swift in Sources */,
				6C9F45592054E09300A194BE /* AssetModel.swift in Sources */,
				6CDDB97924AF86CB00671B86 /* PoFrameImage.swift in Sources */,
				6C9F45242054B7D500A194BE /* AppDelegate.swift in Sources */,
				6CDDB98924AF87D600671B86 /* PoWeakProxy.swift in Sources */,
				6CDDB98624AF872900671B86 /* Data+extension.swift in Sources */,
				6CDDB98024AF86CB00671B86 /* PoImageDecoder.swift in Sources */,
				6CDDB98B24AF87DE00671B86 /* PoHelper.swift in Sources */,
				6C79E57F24A1B4B000F505CC /* PoMemoryCache.swift in Sources */,
				6C9F455F2055362800A194BE /* ImagePickerManager.swift in Sources */,
				6CDDB98D24AF88B300671B86 /* ImageDownsample.swift in Sources */,
				6C5A43132062ACA900789034 /* AlbumCell.swift in Sources */,
				6CDDB97C24AF86CB00671B86 /* CGBitmapInfo+PoImageCoder.swift in Sources */,
				6CDDB97E24AF86CB00671B86 /* CGImage+PoImageCoder.swift in Sources */,
				6CDDB97824AF86CB00671B86 /* PoImage.swift in Sources */,
				6C5D5C7024A98B7E00AEE338 /* PhotoBrowserTransitionAnimator.swift in Sources */,
				6C66FB282070922F0077656B /* PhotoPreviewViewController.swift in Sources */,
				6C79E58824A2F96C00F505CC /* CropView.swift in Sources */,
				6C09126D25BC147400BB6456 /* ImageFetcherManager.swift in Sources */,
				6C09127A25BC2A2D00BB6456 /* UIImage+extension.swift in Sources */,
				6CDDB98424AF872900671B86 /* String+extension.swift in Sources */,
				6C180028205FF46700C12653 /* PhotoPickerViewController.swift in Sources */,
				6CDDB97A24AF86CB00671B86 /* PoImageAPNGDecoder.swift in Sources */,
				6CDDB97F24AF86CB00671B86 /* PoImageUtilities.swift in Sources */,
			);
			runOnlyForDeploymentPostprocessing = 0;
		};
		6C9F45302054B7D700A194BE /* Sources */ = {
			isa = PBXSourcesBuildPhase;
			buildActionMask = 2147483647;
			files = (
				6C9F45392054B7D700A194BE /* HZSPhotoPickerTests.swift in Sources */,
			);
			runOnlyForDeploymentPostprocessing = 0;
		};
		6C9F453B2054B7D700A194BE /* Sources */ = {
			isa = PBXSourcesBuildPhase;
			buildActionMask = 2147483647;
			files = (
				6C9F45442054B7D700A194BE /* HZSPhotoPickerUITests.swift in Sources */,
			);
			runOnlyForDeploymentPostprocessing = 0;
		};
/* End PBXSourcesBuildPhase section */

/* Begin PBXTargetDependency section */
		6C9F45362054B7D700A194BE /* PBXTargetDependency */ = {
			isa = PBXTargetDependency;
			target = 6C9F451F2054B7D500A194BE /* HZSPhotoPicker */;
			targetProxy = 6C9F45352054B7D700A194BE /* PBXContainerItemProxy */;
		};
		6C9F45412054B7D700A194BE /* PBXTargetDependency */ = {
			isa = PBXTargetDependency;
			target = 6C9F451F2054B7D500A194BE /* HZSPhotoPicker */;
			targetProxy = 6C9F45402054B7D700A194BE /* PBXContainerItemProxy */;
		};
/* End PBXTargetDependency section */

/* Begin PBXVariantGroup section */
		6C9F45272054B7D500A194BE /* Main.storyboard */ = {
			isa = PBXVariantGroup;
			children = (
				6C9F45282054B7D500A194BE /* Base */,
			);
			name = Main.storyboard;
			sourceTree = "<group>";
		};
		6C9F452C2054B7D700A194BE /* LaunchScreen.storyboard */ = {
			isa = PBXVariantGroup;
			children = (
				6C9F452D2054B7D700A194BE /* Base */,
			);
			name = LaunchScreen.storyboard;
			sourceTree = "<group>";
		};
/* End PBXVariantGroup section */

/* Begin XCBuildConfiguration section */
		6C9F45462054B7D700A194BE /* Debug */ = {
			isa = XCBuildConfiguration;
			buildSettings = {
				ALWAYS_SEARCH_USER_PATHS = NO;
				CLANG_ANALYZER_NONNULL = YES;
				CLANG_ANALYZER_NUMBER_OBJECT_CONVERSION = YES_AGGRESSIVE;
				CLANG_CXX_LANGUAGE_STANDARD = "gnu++14";
				CLANG_CXX_LIBRARY = "libc++";
				CLANG_ENABLE_MODULES = YES;
				CLANG_ENABLE_OBJC_ARC = YES;
				CLANG_ENABLE_OBJC_WEAK = YES;
				CLANG_WARN_BLOCK_CAPTURE_AUTORELEASING = YES;
				CLANG_WARN_BOOL_CONVERSION = YES;
				CLANG_WARN_COMMA = YES;
				CLANG_WARN_CONSTANT_CONVERSION = YES;
				CLANG_WARN_DEPRECATED_OBJC_IMPLEMENTATIONS = YES;
				CLANG_WARN_DIRECT_OBJC_ISA_USAGE = YES_ERROR;
				CLANG_WARN_DOCUMENTATION_COMMENTS = YES;
				CLANG_WARN_EMPTY_BODY = YES;
				CLANG_WARN_ENUM_CONVERSION = YES;
				CLANG_WARN_INFINITE_RECURSION = YES;
				CLANG_WARN_INT_CONVERSION = YES;
				CLANG_WARN_NON_LITERAL_NULL_CONVERSION = YES;
				CLANG_WARN_OBJC_IMPLICIT_RETAIN_SELF = YES;
				CLANG_WARN_OBJC_LITERAL_CONVERSION = YES;
				CLANG_WARN_OBJC_ROOT_CLASS = YES_ERROR;
				CLANG_WARN_QUOTED_INCLUDE_IN_FRAMEWORK_HEADER = YES;
				CLANG_WARN_RANGE_LOOP_ANALYSIS = YES;
				CLANG_WARN_STRICT_PROTOTYPES = YES;
				CLANG_WARN_SUSPICIOUS_MOVE = YES;
				CLANG_WARN_UNGUARDED_AVAILABILITY = YES_AGGRESSIVE;
				CLANG_WARN_UNREACHABLE_CODE = YES;
				CLANG_WARN__DUPLICATE_METHOD_MATCH = YES;
				CODE_SIGN_IDENTITY = "iPhone Developer";
				COPY_PHASE_STRIP = NO;
				DEBUG_INFORMATION_FORMAT = dwarf;
				ENABLE_STRICT_OBJC_MSGSEND = YES;
				ENABLE_TESTABILITY = YES;
				GCC_C_LANGUAGE_STANDARD = gnu11;
				GCC_DYNAMIC_NO_PIC = NO;
				GCC_NO_COMMON_BLOCKS = YES;
				GCC_OPTIMIZATION_LEVEL = 0;
				GCC_PREPROCESSOR_DEFINITIONS = (
					"DEBUG=1",
					"$(inherited)",
				);
				GCC_WARN_64_TO_32_BIT_CONVERSION = YES;
				GCC_WARN_ABOUT_RETURN_TYPE = YES_ERROR;
				GCC_WARN_UNDECLARED_SELECTOR = YES;
				GCC_WARN_UNINITIALIZED_AUTOS = YES_AGGRESSIVE;
				GCC_WARN_UNUSED_FUNCTION = YES;
				GCC_WARN_UNUSED_VARIABLE = YES;
				IPHONEOS_DEPLOYMENT_TARGET = 12.0;
				MTL_ENABLE_DEBUG_INFO = YES;
				ONLY_ACTIVE_ARCH = YES;
				SDKROOT = iphoneos;
				SWIFT_ACTIVE_COMPILATION_CONDITIONS = DEBUG;
				SWIFT_OPTIMIZATION_LEVEL = "-Onone";
			};
			name = Debug;
		};
		6C9F45472054B7D700A194BE /* Release */ = {
			isa = XCBuildConfiguration;
			buildSettings = {
				ALWAYS_SEARCH_USER_PATHS = NO;
				CLANG_ANALYZER_NONNULL = YES;
				CLANG_ANALYZER_NUMBER_OBJECT_CONVERSION = YES_AGGRESSIVE;
				CLANG_CXX_LANGUAGE_STANDARD = "gnu++14";
				CLANG_CXX_LIBRARY = "libc++";
				CLANG_ENABLE_MODULES = YES;
				CLANG_ENABLE_OBJC_ARC = YES;
				CLANG_ENABLE_OBJC_WEAK = YES;
				CLANG_WARN_BLOCK_CAPTURE_AUTORELEASING = YES;
				CLANG_WARN_BOOL_CONVERSION = YES;
				CLANG_WARN_COMMA = YES;
				CLANG_WARN_CONSTANT_CONVERSION = YES;
				CLANG_WARN_DEPRECATED_OBJC_IMPLEMENTATIONS = YES;
				CLANG_WARN_DIRECT_OBJC_ISA_USAGE = YES_ERROR;
				CLANG_WARN_DOCUMENTATION_COMMENTS = YES;
				CLANG_WARN_EMPTY_BODY = YES;
				CLANG_WARN_ENUM_CONVERSION = YES;
				CLANG_WARN_INFINITE_RECURSION = YES;
				CLANG_WARN_INT_CONVERSION = YES;
				CLANG_WARN_NON_LITERAL_NULL_CONVERSION = YES;
				CLANG_WARN_OBJC_IMPLICIT_RETAIN_SELF = YES;
				CLANG_WARN_OBJC_LITERAL_CONVERSION = YES;
				CLANG_WARN_OBJC_ROOT_CLASS = YES_ERROR;
				CLANG_WARN_QUOTED_INCLUDE_IN_FRAMEWORK_HEADER = YES;
				CLANG_WARN_RANGE_LOOP_ANALYSIS = YES;
				CLANG_WARN_STRICT_PROTOTYPES = YES;
				CLANG_WARN_SUSPICIOUS_MOVE = YES;
				CLANG_WARN_UNGUARDED_AVAILABILITY = YES_AGGRESSIVE;
				CLANG_WARN_UNREACHABLE_CODE = YES;
				CLANG_WARN__DUPLICATE_METHOD_MATCH = YES;
				CODE_SIGN_IDENTITY = "iPhone Developer";
				COPY_PHASE_STRIP = NO;
				DEBUG_INFORMATION_FORMAT = "dwarf-with-dsym";
				ENABLE_NS_ASSERTIONS = NO;
				ENABLE_STRICT_OBJC_MSGSEND = YES;
				GCC_C_LANGUAGE_STANDARD = gnu11;
				GCC_NO_COMMON_BLOCKS = YES;
				GCC_WARN_64_TO_32_BIT_CONVERSION = YES;
				GCC_WARN_ABOUT_RETURN_TYPE = YES_ERROR;
				GCC_WARN_UNDECLARED_SELECTOR = YES;
				GCC_WARN_UNINITIALIZED_AUTOS = YES_AGGRESSIVE;
				GCC_WARN_UNUSED_FUNCTION = YES;
				GCC_WARN_UNUSED_VARIABLE = YES;
				IPHONEOS_DEPLOYMENT_TARGET = 12.0;
				MTL_ENABLE_DEBUG_INFO = NO;
				SDKROOT = iphoneos;
				SWIFT_COMPILATION_MODE = wholemodule;
				SWIFT_OPTIMIZATION_LEVEL = "-O";
				VALIDATE_PRODUCT = YES;
			};
			name = Release;
		};
		6C9F45492054B7D700A194BE /* Debug */ = {
			isa = XCBuildConfiguration;
			buildSettings = {
				ASSETCATALOG_COMPILER_APPICON_NAME = AppIcon;
				CODE_SIGN_STYLE = Automatic;
				DEBUG_INFORMATION_FORMAT = "dwarf-with-dsym";
				DEVELOPMENT_TEAM = HTCFQ79HMN;
				INFOPLIST_FILE = HZSPhotoPicker/Info.plist;
				IPHONEOS_DEPLOYMENT_TARGET = 10.0;
				LD_RUNPATH_SEARCH_PATHS = (
					"$(inherited)",
					"@executable_path/Frameworks",
				);
				PRODUCT_BUNDLE_IDENTIFIER = com.potato.HZSPhotoPicker;
				PRODUCT_NAME = "$(TARGET_NAME)";
				SWIFT_OPTIMIZATION_LEVEL = "-Onone";
				SWIFT_VERSION = 5.0;
				TARGETED_DEVICE_FAMILY = 1;
			};
			name = Debug;
		};
		6C9F454A2054B7D700A194BE /* Release */ = {
			isa = XCBuildConfiguration;
			buildSettings = {
				ASSETCATALOG_COMPILER_APPICON_NAME = AppIcon;
				CODE_SIGN_STYLE = Automatic;
				DEVELOPMENT_TEAM = HTCFQ79HMN;
				INFOPLIST_FILE = HZSPhotoPicker/Info.plist;
				IPHONEOS_DEPLOYMENT_TARGET = 10.0;
				LD_RUNPATH_SEARCH_PATHS = (
					"$(inherited)",
					"@executable_path/Frameworks",
				);
				PRODUCT_BUNDLE_IDENTIFIER = com.potato.HZSPhotoPicker;
				PRODUCT_NAME = "$(TARGET_NAME)";
				SWIFT_VERSION = 5.0;
				TARGETED_DEVICE_FAMILY = 1;
			};
			name = Release;
		};
		6C9F454C2054B7D700A194BE /* Debug */ = {
			isa = XCBuildConfiguration;
			buildSettings = {
				ALWAYS_EMBED_SWIFT_STANDARD_LIBRARIES = YES;
				BUNDLE_LOADER = "$(TEST_HOST)";
				CODE_SIGN_STYLE = Automatic;
				DEVELOPMENT_TEAM = HTCFQ79HMN;
				INFOPLIST_FILE = HZSPhotoPickerTests/Info.plist;
				LD_RUNPATH_SEARCH_PATHS = (
					"$(inherited)",
					"@executable_path/Frameworks",
					"@loader_path/Frameworks",
				);
				PRODUCT_BUNDLE_IDENTIFIER = com.hzs.HZSPhotoPickerTests;
				PRODUCT_NAME = "$(TARGET_NAME)";
				SWIFT_VERSION = 5.0;
				TARGETED_DEVICE_FAMILY = "1,2";
				TEST_HOST = "$(BUILT_PRODUCTS_DIR)/HZSPhotoPicker.app/HZSPhotoPicker";
			};
			name = Debug;
		};
		6C9F454D2054B7D700A194BE /* Release */ = {
			isa = XCBuildConfiguration;
			buildSettings = {
				ALWAYS_EMBED_SWIFT_STANDARD_LIBRARIES = YES;
				BUNDLE_LOADER = "$(TEST_HOST)";
				CODE_SIGN_STYLE = Automatic;
				DEVELOPMENT_TEAM = HTCFQ79HMN;
				INFOPLIST_FILE = HZSPhotoPickerTests/Info.plist;
				LD_RUNPATH_SEARCH_PATHS = (
					"$(inherited)",
					"@executable_path/Frameworks",
					"@loader_path/Frameworks",
				);
				PRODUCT_BUNDLE_IDENTIFIER = com.hzs.HZSPhotoPickerTests;
				PRODUCT_NAME = "$(TARGET_NAME)";
				SWIFT_VERSION = 5.0;
				TARGETED_DEVICE_FAMILY = "1,2";
				TEST_HOST = "$(BUILT_PRODUCTS_DIR)/HZSPhotoPicker.app/HZSPhotoPicker";
			};
			name = Release;
		};
		6C9F454F2054B7D700A194BE /* Debug */ = {
			isa = XCBuildConfiguration;
			buildSettings = {
				ALWAYS_EMBED_SWIFT_STANDARD_LIBRARIES = YES;
				CODE_SIGN_STYLE = Automatic;
				DEVELOPMENT_TEAM = HTCFQ79HMN;
				INFOPLIST_FILE = HZSPhotoPickerUITests/Info.plist;
				LD_RUNPATH_SEARCH_PATHS = (
					"$(inherited)",
					"@executable_path/Frameworks",
					"@loader_path/Frameworks",
				);
				PRODUCT_BUNDLE_IDENTIFIER = com.hzs.HZSPhotoPickerUITests;
				PRODUCT_NAME = "$(TARGET_NAME)";
				SWIFT_VERSION = 5.0;
				TARGETED_DEVICE_FAMILY = "1,2";
				TEST_TARGET_NAME = HZSPhotoPicker;
			};
			name = Debug;
		};
		6C9F45502054B7D700A194BE /* Release */ = {
			isa = XCBuildConfiguration;
			buildSettings = {
				ALWAYS_EMBED_SWIFT_STANDARD_LIBRARIES = YES;
				CODE_SIGN_STYLE = Automatic;
				DEVELOPMENT_TEAM = HTCFQ79HMN;
				INFOPLIST_FILE = HZSPhotoPickerUITests/Info.plist;
				LD_RUNPATH_SEARCH_PATHS = (
					"$(inherited)",
					"@executable_path/Frameworks",
					"@loader_path/Frameworks",
				);
				PRODUCT_BUNDLE_IDENTIFIER = com.hzs.HZSPhotoPickerUITests;
				PRODUCT_NAME = "$(TARGET_NAME)";
				SWIFT_VERSION = 5.0;
				TARGETED_DEVICE_FAMILY = "1,2";
				TEST_TARGET_NAME = HZSPhotoPicker;
			};
			name = Release;
		};
/* End XCBuildConfiguration section */

/* Begin XCConfigurationList section */
		6C9F451B2054B7D500A194BE /* Build configuration list for PBXProject "HZSPhotoPicker" */ = {
			isa = XCConfigurationList;
			buildConfigurations = (
				6C9F45462054B7D700A194BE /* Debug */,
				6C9F45472054B7D700A194BE /* Release */,
			);
			defaultConfigurationIsVisible = 0;
			defaultConfigurationName = Release;
		};
		6C9F45482054B7D700A194BE /* Build configuration list for PBXNativeTarget "HZSPhotoPicker" */ = {
			isa = XCConfigurationList;
			buildConfigurations = (
				6C9F45492054B7D700A194BE /* Debug */,
				6C9F454A2054B7D700A194BE /* Release */,
			);
			defaultConfigurationIsVisible = 0;
			defaultConfigurationName = Release;
		};
		6C9F454B2054B7D700A194BE /* Build configuration list for PBXNativeTarget "HZSPhotoPickerTests" */ = {
			isa = XCConfigurationList;
			buildConfigurations = (
				6C9F454C2054B7D700A194BE /* Debug */,
				6C9F454D2054B7D700A194BE /* Release */,
			);
			defaultConfigurationIsVisible = 0;
			defaultConfigurationName = Release;
		};
		6C9F454E2054B7D700A194BE /* Build configuration list for PBXNativeTarget "HZSPhotoPickerUITests" */ = {
			isa = XCConfigurationList;
			buildConfigurations = (
				6C9F454F2054B7D700A194BE /* Debug */,
				6C9F45502054B7D700A194BE /* Release */,
			);
			defaultConfigurationIsVisible = 0;
			defaultConfigurationName = Release;
		};
/* End XCConfigurationList section */
	};
	rootObject = 6C9F45182054B7D500A194BE /* Project object */;
}
